
Microsoft Visual Studio Solution File, Format Version 12.00
# Visual Studio Version 17
VisualStudioVersion = 17.11.35208.52
MinimumVisualStudioVersion = 10.0.40219.1
Project("{FAE04EC0-301F-11D3-BF4B-00C04F79EFBC}") = "EX2D", "EX2D\EX2D.csproj", "{D6C2A025-7C77-4F88-A331-430934A6ABAB}"
EndProject
Global
	GlobalSection(SolutionConfigurationPlatforms) = preSolution
		Debug|Any CPU = Debug|Any CPU
		Release|Any CPU = Release|Any CPU
	EndGlobalSection
	GlobalSection(ProjectConfigurationPlatforms) = postSolution
		{D6C2A025-7C77-4F88-A331-430934A6ABAB}.Debug|Any CPU.ActiveCfg = Debug|Any CPU
		{D6C2A025-7C77-4F88-A331-430934A6ABAB}.Debug|Any CPU.Build.0 = Debug|Any CPU
		{D6C2A025-7C77-4F88-A331-430934A6ABAB}.Release|Any CPU.ActiveCfg = Release|Any CPU
		{D6C2A025-7C77-4F88-A331-430934A6ABAB}.Release|Any CPU.Build.0 = Release|Any CPU
	EndGlobalSection
	GlobalSection(SolutionProperties) = preSolution
		HideSolutionNode = FALSE
	EndGlobalSection
	GlobalSection(ExtensibilityGlobals) = postSolution
		SolutionGuid = {B8DFDB3E-A176-402F-8630-2C5B7522C2B8}
	EndGlobalSection
EndGlobal
